
Microsoft Visual Studio Solution File, Format Version 12.00
# Visual Studio Version 17
VisualStudioVersion = 17.0.31903.59
MinimumVisualStudioVersion = 10.0.40219.1
Project("{2150E333-8FDC-42A3-9474-1A3956D46DE8}") = "src", "src", "{827E0CD3-B72D-47B6-A68D-7590B98EB39B}"
EndProject
Project("{FAE04EC0-301F-11D3-BF4B-00C04F79EFBC}") = "MemRelief.Core", "src\MemRelief.Core\MemRelief.Core.csproj", "{92B8A8B6-F3DB-4BF1-8F1F-3D1827A1A064}"
EndProject
Project("{FAE04EC0-301F-11D3-BF4B-00C04F79EFBC}") = "MemRelief.App", "src\MemRelief.App\MemRelief.App.csproj", "{E064DDAB-6723-4F53-9ECC-836307C87F46}"
EndProject
Project("{2150E333-8FDC-42A3-9474-1A3956D46DE8}") = "tests", "tests", "{0AB3BF05-4346-4AA6-1389-037BE0695223}"
EndProject
Project("{FAE04EC0-301F-11D3-BF4B-00C04F79EFBC}") = "MemRelief.Core.Tests", "tests\MemRelief.Core.Tests\MemRelief.Core.Tests.csproj", "{B0B90377-000E-4658-AF54-7619C792455C}"
EndProject
Project("{FAE04EC0-301F-11D3-BF4B-00C04F79EFBC}") = "MemRelief.TestProcs", "tests\MemRelief.TestProcs\MemRelief.TestProcs.csproj", "{4F05D6A8-4DF8-41F0-8DEA-43D3216E2C9C}"
EndProject
Global
	GlobalSection(SolutionConfigurationPlatforms) = preSolution
		Debug|Any CPU = Debug|Any CPU
		Debug|x64 = Debug|x64
		Debug|x86 = Debug|x86
		Release|Any CPU = Release|Any CPU
		Release|x64 = Release|x64
		Release|x86 = Release|x86
	EndGlobalSection
	GlobalSection(ProjectConfigurationPlatforms) = postSolution
		{92B8A8B6-F3DB-4BF1-8F1F-3D1827A1A064}.Debug|Any CPU.ActiveCfg = Debug|Any CPU
		{92B8A8B6-F3DB-4BF1-8F1F-3D1827A1A064}.Debug|Any CPU.Build.0 = Debug|Any CPU
		{92B8A8B6-F3DB-4BF1-8F1F-3D1827A1A064}.Debug|x64.ActiveCfg = Debug|Any CPU
		{92B8A8B6-F3DB-4BF1-8F1F-3D1827A1A064}.Debug|x64.Build.0 = Debug|Any CPU
		{92B8A8B6-F3DB-4BF1-8F1F-3D1827A1A064}.Debug|x86.ActiveCfg = Debug|Any CPU
		{92B8A8B6-F3DB-4BF1-8F1F-3D1827A1A064}.Debug|x86.Build.0 = Debug|Any CPU
		{92B8A8B6-F3DB-4BF1-8F1F-3D1827A1A064}.Release|Any CPU.ActiveCfg = Release|Any CPU
		{92B8A8B6-F3DB-4BF1-8F1F-3D1827A1A064}.Release|Any CPU.Build.0 = Release|Any CPU
		{92B8A8B6-F3DB-4BF1-8F1F-3D1827A1A064}.Release|x64.ActiveCfg = Release|Any CPU
		{92B8A8B6-F3DB-4BF1-8F1F-3D1827A1A064}.Release|x64.Build.0 = Release|Any CPU
		{92B8A8B6-F3DB-4BF1-8F1F-3D1827A1A064}.Release|x86.ActiveCfg = Release|Any CPU
		{92B8A8B6-F3DB-4BF1-8F1F-3D1827A1A064}.Release|x86.Build.0 = Release|Any CPU
		{E064DDAB-6723-4F53-9ECC-836307C87F46}.Debug|Any CPU.ActiveCfg = Debug|Any CPU
		{E064DDAB-6723-4F53-9ECC-836307C87F46}.Debug|Any CPU.Build.0 = Debug|Any CPU
		{E064DDAB-6723-4F53-9ECC-836307C87F46}.Debug|x64.ActiveCfg = Debug|Any CPU
		{E064DDAB-6723-4F53-9ECC-836307C87F46}.Debug|x64.Build.0 = Debug|Any CPU
		{E064DDAB-6723-4F53-9ECC-836307C87F46}.Debug|x86.ActiveCfg = Debug|Any CPU
		{E064DDAB-6723-4F53-9ECC-836307C87F46}.Debug|x86.Build.0 = Debug|Any CPU
		{E064DDAB-6723-4F53-9ECC-836307C87F46}.Release|Any CPU.ActiveCfg = Release|Any CPU
		{E064DDAB-6723-4F53-9ECC-836307C87F46}.Release|Any CPU.Build.0 = Release|Any CPU
		{E064DDAB-6723-4F53-9ECC-836307C87F46}.Release|x64.ActiveCfg = Release|Any CPU
		{E064DDAB-6723-4F53-9ECC-836307C87F46}.Release|x64.Build.0 = Release|Any CPU
		{E064DDAB-6723-4F53-9ECC-836307C87F46}.Release|x86.ActiveCfg = Release|Any CPU
		{E064DDAB-6723-4F53-9ECC-836307C87F46}.Release|x86.Build.0 = Release|Any CPU
		{B0B90377-000E-4658-AF54-7619C792455C}.Debug|Any CPU.ActiveCfg = Debug|Any CPU
		{B0B90377-000E-4658-AF54-7619C792455C}.Debug|Any CPU.Build.0 = Debug|Any CPU
		{B0B90377-000E-4658-AF54-7619C792455C}.Debug|x64.ActiveCfg = Debug|Any CPU
		{B0B90377-000E-4658-AF54-7619C792455C}.Debug|x64.Build.0 = Debug|Any CPU
		{B0B90377-000E-4658-AF54-7619C792455C}.Debug|x86.ActiveCfg = Debug|Any CPU
		{B0B90377-000E-4658-AF54-7619C792455C}.Debug|x86.Build.0 = Debug|Any CPU
		{B0B90377-000E-4658-AF54-7619C792455C}.Release|Any CPU.ActiveCfg = Release|Any CPU
		{B0B90377-000E-4658-AF54-7619C792455C}.Release|Any CPU.Build.0 = Release|Any CPU
		{B0B90377-000E-4658-AF54-7619C792455C}.Release|x64.ActiveCfg = Release|Any CPU
		{B0B90377-000E-4658-AF54-7619C792455C}.Release|x64.Build.0 = Release|Any CPU
		{B0B90377-000E-4658-AF54-7619C792455C}.Release|x86.ActiveCfg = Release|Any CPU
		{B0B90377-000E-4658-AF54-7619C792455C}.Release|x86.Build.0 = Release|Any CPU
		{4F05D6A8-4DF8-41F0-8DEA-43D3216E2C9C}.Debug|Any CPU.ActiveCfg = Debug|Any CPU
		{4F05D6A8-4DF8-41F0-8DEA-43D3216E2C9C}.Debug|Any CPU.Build.0 = Debug|Any CPU
		{4F05D6A8-4DF8-41F0-8DEA-43D3216E2C9C}.Debug|x64.ActiveCfg = Debug|Any CPU
		{4F05D6A8-4DF8-41F0-8DEA-43D3216E2C9C}.Debug|x64.Build.0 = Debug|Any CPU
		{4F05D6A8-4DF8-41F0-8DEA-43D3216E2C9C}.Debug|x86.ActiveCfg = Debug|Any CPU
		{4F05D6A8-4DF8-41F0-8DEA-43D3216E2C9C}.Debug|x86.Build.0 = Debug|Any CPU
		{4F05D6A8-4DF8-41F0-8DEA-43D3216E2C9C}.Release|Any CPU.ActiveCfg = Release|Any CPU
		{4F05D6A8-4DF8-41F0-8DEA-43D3216E2C9C}.Release|Any CPU.Build.0 = Release|Any CPU
		{4F05D6A8-4DF8-41F0-8DEA-43D3216E2C9C}.Release|x64.ActiveCfg = Release|Any CPU
		{4F05D6A8-4DF8-41F0-8DEA-43D3216E2C9C}.Release|x64.Build.0 = Release|Any CPU
		{4F05D6A8-4DF8-41F0-8DEA-43D3216E2C9C}.Release|x86.ActiveCfg = Release|Any CPU
		{4F05D6A8-4DF8-41F0-8DEA-43D3216E2C9C}.Release|x86.Build.0 = Release|Any CPU
	EndGlobalSection
	GlobalSection(SolutionProperties) = preSolution
		HideSolutionNode = FALSE
	EndGlobalSection
	GlobalSection(NestedProjects) = preSolution
		{92B8A8B6-F3DB-4BF1-8F1F-3D1827A1A064} = {827E0CD3-B72D-47B6-A68D-7590B98EB39B}
		{E064DDAB-6723-4F53-9ECC-836307C87F46} = {827E0CD3-B72D-47B6-A68D-7590B98EB39B}
		{B0B90377-000E-4658-AF54-7619C792455C} = {0AB3BF05-4346-4AA6-1389-037BE0695223}
		{4F05D6A8-4DF8-41F0-8DEA-43D3216E2C9C} = {0AB3BF05-4346-4AA6-1389-037BE0695223}
	EndGlobalSection
EndGlobal
